// !$*UTF8*$!
{
	archiveVersion = 1;
	classes = {
	};
	objectVersion = 51;
	objects = {

/* Begin PBXBuildFile section */
		75C8C5C79F088BA00164283B /* Pods_Tumble.framework in Frameworks */ = {isa = PBXBuildFile; fileRef = 790B0FBE810027EF007F1293 /* Pods_Tumble.framework */; };
		C01B70A6238DD90300109D2D /* AppDelegate.swift in Sources */ = {isa = PBXBuildFile; fileRef = C01B70A5238DD90300109D2D /* AppDelegate.swift */; };
		C01B70A8238DD90300109D2D /* SceneDelegate.swift in Sources */ = {isa = PBXBuildFile; fileRef = C01B70A7238DD90300109D2D /* SceneDelegate.swift */; };
		C01B70AD238DD90300109D2D /* Main.storyboard in Resources */ = {isa = PBXBuildFile; fileRef = C01B70AB238DD90300109D2D /* Main.storyboard */; };
		C01B70AF238DD90700109D2D /* Assets.xcassets in Resources */ = {isa = PBXBuildFile; fileRef = C01B70AE238DD90700109D2D /* Assets.xcassets */; };
		C01B70B2238DD90700109D2D /* LaunchScreen.storyboard in Resources */ = {isa = PBXBuildFile; fileRef = C01B70B0238DD90700109D2D /* LaunchScreen.storyboard */; };
		C01B70BA238EF5E000109D2D /* PhotosViewController.swift in Sources */ = {isa = PBXBuildFile; fileRef = C01B70B9238EF5E000109D2D /* PhotosViewController.swift */; };
		C01B70BC238EF68900109D2D /* PhotosCell.swift in Sources */ = {isa = PBXBuildFile; fileRef = C01B70BB238EF68900109D2D /* PhotosCell.swift */; };
		C05AA63E23A82E720056CD1B /* DetailViewController.swift in Sources */ = {isa = PBXBuildFile; fileRef = C05AA63D23A82E720056CD1B /* DetailViewController.swift */; };
/* End PBXBuildFile section */

/* Begin PBXFileReference section */
		790B0FBE810027EF007F1293 /* Pods_Tumble.framework */ = {isa = PBXFileReference; explicitFileType = wrapper.framework; includeInIndex = 0; path = Pods_Tumble.framework; sourceTree = BUILT_PRODUCTS_DIR; };
		C01B70A2238DD90300109D2D /* Tumble.app */ = {isa = PBXFileReference; explicitFileType = wrapper.application; includeInIndex = 0; path = Tumble.app; sourceTree = BUILT_PRODUCTS_DIR; };
		C01B70A5238DD90300109D2D /* AppDelegate.swift */ = {isa = PBXFileReference; lastKnownFileType = sourcecode.swift; path = AppDelegate.swift; sourceTree = "<group>"; };
		C01B70A7238DD90300109D2D /* SceneDelegate.swift */ = {isa = PBXFileReference; lastKnownFileType = sourcecode.swift; path = SceneDelegate.swift; sourceTree = "<group>"; };
		C01B70AC238DD90300109D2D /* Base */ = {isa = PBXFileReference; lastKnownFileType = file.storyboard; name = Base; path = Base.lproj/Main.storyboard; sourceTree = "<group>"; };
		C01B70AE238DD90700109D2D /* Assets.xcassets */ = {isa = PBXFileReference; lastKnownFileType = folder.assetcatalog; path = Assets.xcassets; sourceTree = "<group>"; };
		C01B70B1238DD90700109D2D /* Base */ = {isa = PBXFileReference; lastKnownFileType = file.storyboard; name = Base; path = Base.lproj/LaunchScreen.storyboard; sourceTree = "<group>"; };
		C01B70B3238DD90700109D2D /* Info.plist */ = {isa = PBXFileReference; lastKnownFileType = text.plist.xml; path = Info.plist; sourceTree = "<group>"; };
		C01B70B9238EF5E000109D2D /* PhotosViewController.swift */ = {isa = PBXFileReference; lastKnownFileType = sourcecode.swift; path = PhotosViewController.swift; sourceTree = "<group>"; };
		C01B70BB238EF68900109D2D /* PhotosCell.swift */ = {isa = PBXFileReference; lastKnownFileType = sourcecode.swift; path = PhotosCell.swift; sourceTree = "<group>"; };
		C05AA63D23A82E720056CD1B /* DetailViewController.swift */ = {isa = PBXFileReference; lastKnownFileType = sourcecode.swift; path = DetailViewController.swift; sourceTree = "<group>"; };
		CEC868538742A9408D942100 /* Pods-Tumble.debug.xcconfig */ = {isa = PBXFileReference; includeInIndex = 1; lastKnownFileType = text.xcconfig; name = "Pods-Tumble.debug.xcconfig"; path = "Target Support Files/Pods-Tumble/Pods-Tumble.debug.xcconfig"; sourceTree = "<group>"; };
		E8D82BC33E8DCEFEEAEEE462 /* Pods-Tumble.release.xcconfig */ = {isa = PBXFileReference; includeInIndex = 1; lastKnownFileType = text.xcconfig; name = "Pods-Tumble.release.xcconfig"; path = "Target Support Files/Pods-Tumble/Pods-Tumble.release.xcconfig"; sourceTree = "<group>"; };
/* End PBXFileReference section */

/* Begin PBXFrameworksBuildPhase section */
		C01B709F238DD90300109D2D /* Frameworks */ = {
			isa = PBXFrameworksBuildPhase;
			buildActionMask = 2147483647;
			files = (
				75C8C5C79F088BA00164283B /* Pods_Tumble.framework in Frameworks */,
			);
			runOnlyForDeploymentPostprocessing = 0;
		};
/* End PBXFrameworksBuildPhase section */

/* Begin PBXGroup section */
		A0016A0602DC73D5BD2F74F2 /* Pods */ = {
			isa = PBXGroup;
			children = (
				CEC868538742A9408D942100 /* Pods-Tumble.debug.xcconfig */,
				E8D82BC33E8DCEFEEAEEE462 /* Pods-Tumble.release.xcconfig */,
			);
			path = Pods;
			sourceTree = "<group>";
		};
		C01B7099238DD90300109D2D = {
			isa = PBXGroup;
			children = (
				C01B70A4238DD90300109D2D /* Tumble */,
				C01B70A3238DD90300109D2D /* Products */,
				A0016A0602DC73D5BD2F74F2 /* Pods */,
				EC2228076E4C4930C8767846 /* Frameworks */,
			);
			sourceTree = "<group>";
		};
		C01B70A3238DD90300109D2D /* Products */ = {
			isa = PBXGroup;
			children = (
				C01B70A2238DD90300109D2D /* Tumble.app */,
			);
			name = Products;
			sourceTree = "<group>";
		};
		C01B70A4238DD90300109D2D /* Tumble */ = {
			isa = PBXGroup;
			children = (
				C01B70A5238DD90300109D2D /* AppDelegate.swift */,
				C01B70A7238DD90300109D2D /* SceneDelegate.swift */,
				C01B70AB238DD90300109D2D /* Main.storyboard */,
				C01B70AE238DD90700109D2D /* Assets.xcassets */,
				C01B70B0238DD90700109D2D /* LaunchScreen.storyboard */,
				C01B70B3238DD90700109D2D /* Info.plist */,
				C01B70B9238EF5E000109D2D /* PhotosViewController.swift */,
				C01B70BB238EF68900109D2D /* PhotosCell.swift */,
				C05AA63D23A82E720056CD1B /* DetailViewController.swift */,
			);
			path = Tumble;
			sourceTree = "<group>";
		};
		EC2228076E4C4930C8767846 /* Frameworks */ = {
			isa = PBXGroup;
			children = (
				790B0FBE810027EF007F1293 /* Pods_Tumble.framework */,
			);
			name = Frameworks;
			sourceTree = "<group>";
		};
/* End PBXGroup section */

/* Begin PBXNativeTarget section */
		C01B70A1238DD90300109D2D /* Tumble */ = {
			isa = PBXNativeTarget;
			buildConfigurationList = C01B70B6238DD90700109D2D /* Build configuration list for PBXNativeTarget "Tumble" */;
			buildPhases = (
				E923BD0725782BC5D1CD2CFA /* [CP] Check Pods Manifest.lock */,
				C01B709E238DD90300109D2D /* Sources */,
				C01B709F238DD90300109D2D /* Frameworks */,
				C01B70A0238DD90300109D2D /* Resources */,
				74C09A48316866925AABCDE6 /* [CP] Embed Pods Frameworks */,
			);
			buildRules = (
			);
			dependencies = (
			);
			name = Tumble;
			productName = Tumble;
			productReference = C01B70A2238DD90300109D2D /* Tumble.app */;
			productType = "com.apple.product-type.application";
		};
/* End PBXNativeTarget section */

/* Begin PBXProject section */
		C01B709A238DD90300109D2D /* Project object */ = {
			isa = PBXProject;
			attributes = {
				LastSwiftUpdateCheck = 1120;
				LastUpgradeCheck = 1120;
				ORGANIZATIONNAME = "Dinaol Melak";
				TargetAttributes = {
					C01B70A1238DD90300109D2D = {
						CreatedOnToolsVersion = 11.2.1;
					};
				};
			};
			buildConfigurationList = C01B709D238DD90300109D2D /* Build configuration list for PBXProject "Tumble" */;
			compatibilityVersion = "Xcode 9.3";
			developmentRegion = en;
			hasScannedForEncodings = 0;
			knownRegions = (
				en,
				Base,
			);
			mainGroup = C01B7099238DD90300109D2D;
			productRefGroup = C01B70A3238DD90300109D2D /* Products */;
			projectDirPath = "";
			projectRoot = "";
			targets = (
				C01B70A1238DD90300109D2D /* Tumble */,
			);
		};
/* End PBXProject section */

/* Begin PBXResourcesBuildPhase section */
		C01B70A0238DD90300109D2D /* Resources */ = {
			isa = PBXResourcesBuildPhase;
			buildActionMask = 2147483647;
			files = (
				C01B70B2238DD90700109D2D /* LaunchScreen.storyboard in Resources */,
				C01B70AF238DD90700109D2D /* Assets.xcassets in Resources */,
				C01B70AD238DD90300109D2D /* Main.storyboard in Resources */,
			);
			runOnlyForDeploymentPostprocessing = 0;
		};
/* End PBXResourcesBuildPhase section */

/* Begin PBXShellScriptBuildPhase section */
		74C09A48316866925AABCDE6 /* [CP] Embed Pods Frameworks */ = {
			isa = PBXShellScriptBuildPhase;
			buildActionMask = 2147483647;
			files = (
			);
			inputFileListPaths = (
				"${PODS_ROOT}/Target Support Files/Pods-Tumble/Pods-Tumble-frameworks-${CONFIGURATION}-input-files.xcfilelist",
			);
			name = "[CP] Embed Pods Frameworks";
			outputFileListPaths = (
				"${PODS_ROOT}/Target Support Files/Pods-Tumble/Pods-Tumble-frameworks-${CONFIGURATION}-output-files.xcfilelist",
			);
			runOnlyForDeploymentPostprocessing = 0;
			shellPath = /bin/sh;
			shellScript = "\"${PODS_ROOT}/Target Support Files/Pods-Tumble/Pods-Tumble-frameworks.sh\"\n";
			showEnvVarsInLog = 0;
		};
		E923BD0725782BC5D1CD2CFA /* [CP] Check Pods Manifest.lock */ = {
			isa = PBXShellScriptBuildPhase;
			buildActionMask = 2147483647;
			files = (
			);
			inputFileListPaths = (
			);
			inputPaths = (
				"${PODS_PODFILE_DIR_PATH}/Podfile.lock",
				"${PODS_ROOT}/Manifest.lock",
			);
			name = "[CP] Check Pods Manifest.lock";
			outputFileListPaths = (
			);
			outputPaths = (
				"$(DERIVED_FILE_DIR)/Pods-Tumble-checkManifestLockResult.txt",
			);
			runOnlyForDeploymentPostprocessing = 0;
			shellPath = /bin/sh;
			shellScript = "diff \"${PODS_PODFILE_DIR_PATH}/Podfile.lock\" \"${PODS_ROOT}/Manifest.lock\" > /dev/null\nif [ $? != 0 ] ; then\n    # print error to STDERR\n    echo \"error: The sandbox is not in sync with the Podfile.lock. Run 'pod install' or update your CocoaPods installation.\" >&2\n    exit 1\nfi\n# This output is used by Xcode 'outputs' to avoid re-running this script phase.\necho \"SUCCESS\" > \"${SCRIPT_OUTPUT_FILE_0}\"\n";
			showEnvVarsInLog = 0;
		};
/* End PBXShellScriptBuildPhase section */

/* Begin PBXSourcesBuildPhase section */
		C01B709E238DD90300109D2D /* Sources */ = {
			isa = PBXSourcesBuildPhase;
			buildActionMask = 2147483647;
			files = (
				C01B70BC238EF68900109D2D /* PhotosCell.swift in Sources */,
				C01B70BA238EF5E000109D2D /* PhotosViewController.swift in Sources */,
				C05AA63E23A82E720056CD1B /* DetailViewController.swift in Sources */,
				C01B70A6238DD90300109D2D /* AppDelegate.swift in Sources */,
				C01B70A8238DD90300109D2D /* SceneDelegate.swift in Sources */,
			);
			runOnlyForDeploymentPostprocessing = 0;
		};
/* End PBXSourcesBuildPhase section */

/* Begin PBXVariantGroup section */
		C01B70AB238DD90300109D2D /* Main.storyboard */ = {
			isa = PBXVariantGroup;
			children = (
				C01B70AC238DD90300109D2D /* Base */,
			);
			name = Main.storyboard;
			sourceTree = "<group>";
		};
		C01B70B0238DD90700109D2D /* LaunchScreen.storyboard */ = {
			isa = PBXVariantGroup;
			children = (
				C01B70B1238DD90700109D2D /* Base */,
			);
			name = LaunchScreen.storyboard;
			sourceTree = "<group>";
		};
/* End PBXVariantGroup section */

/* Begin XCBuildConfiguration section */
		C01B70B4238DD90700109D2D /* Debug */ = {
			isa = XCBuildConfiguration;
			buildSettings = {
				ALWAYS_SEARCH_USER_PATHS = NO;
				CLANG_ANALYZER_NONNULL = YES;
				CLANG_ANALYZER_NUMBER_OBJECT_CONVERSION = YES_AGGRESSIVE;
				CLANG_CXX_LANGUAGE_STANDARD = "gnu++14";
				CLANG_CXX_LIBRARY = "libc++";
				CLANG_ENABLE_MODULES = YES;
				CLANG_ENABLE_OBJC_ARC = YES;
				CLANG_ENABLE_OBJC_WEAK = YES;
				CLANG_WARN_BLOCK_CAPTURE_AUTORELEASING = YES;
				CLANG_WARN_BOOL_CONVERSION = YES;
				CLANG_WARN_COMMA = YES;
				CLANG_WARN_CONSTANT_CONVERSION = YES;
				CLANG_WARN_DEPRECATED_OBJC_IMPLEMENTATIONS = YES;
				CLANG_WARN_DIRECT_OBJC_ISA_USAGE = YES_ERROR;
				CLANG_WARN_DOCUMENTATION_COMMENTS = YES;
				CLANG_WARN_EMPTY_BODY = YES;
				CLANG_WARN_ENUM_CONVERSION = YES;
				CLANG_WARN_INFINITE_RECURSION = YES;
				CLANG_WARN_INT_CONVERSION = YES;
				CLANG_WARN_NON_LITERAL_NULL_CONVERSION = YES;
				CLANG_WARN_OBJC_IMPLICIT_RETAIN_SELF = YES;
				CLANG_WARN_OBJC_LITERAL_CONVERSION = YES;
				CLANG_WARN_OBJC_ROOT_CLASS = YES_ERROR;
				CLANG_WARN_RANGE_LOOP_ANALYSIS = YES;
				CLANG_WARN_STRICT_PROTOTYPES = YES;
				CLANG_WARN_SUSPICIOUS_MOVE = YES;
				CLANG_WARN_UNGUARDED_AVAILABILITY = YES_AGGRESSIVE;
				CLANG_WARN_UNREACHABLE_CODE = YES;
				CLANG_WARN__DUPLICATE_METHOD_MATCH = YES;
				COPY_PHASE_STRIP = NO;
				DEBUG_INFORMATION_FORMAT = dwarf;
				ENABLE_STRICT_OBJC_MSGSEND = YES;
				ENABLE_TESTABILITY = YES;
				GCC_C_LANGUAGE_STANDARD = gnu11;
				GCC_DYNAMIC_NO_PIC = NO;
				GCC_NO_COMMON_BLOCKS = YES;
				GCC_OPTIMIZATION_LEVEL = 0;
				GCC_PREPROCESSOR_DEFINITIONS = (
					"DEBUG=1",
					"$(inherited)",
				);
				GCC_WARN_64_TO_32_BIT_CONVERSION = YES;
				GCC_WARN_ABOUT_RETURN_TYPE = YES_ERROR;
				GCC_WARN_UNDECLARED_SELECTOR = YES;
				GCC_WARN_UNINITIALIZED_AUTOS = YES_AGGRESSIVE;
				GCC_WARN_UNUSED_FUNCTION = YES;
				GCC_WARN_UNUSED_VARIABLE = YES;
				IPHONEOS_DEPLOYMENT_TARGET = 13.2;
				MTL_ENABLE_DEBUG_INFO = INCLUDE_SOURCE;
				MTL_FAST_MATH = YES;
				ONLY_ACTIVE_ARCH = YES;
				SDKROOT = iphoneos;
				SWIFT_ACTIVE_COMPILATION_CONDITIONS = DEBUG;
				SWIFT_OPTIMIZATION_LEVEL = "-Onone";
			};
			name = Debug;
		};
		C01B70B5238DD90700109D2D /* Release */ = {
			isa = XCBuildConfiguration;
			buildSettings = {
				ALWAYS_SEARCH_USER_PATHS = NO;
				CLANG_ANALYZER_NONNULL = YES;
				CLANG_ANALYZER_NUMBER_OBJECT_CONVERSION = YES_AGGRESSIVE;
				CLANG_CXX_LANGUAGE_STANDARD = "gnu++14";
				CLANG_CXX_LIBRARY = "libc++";
				CLANG_ENABLE_MODULES = YES;
				CLANG_ENABLE_OBJC_ARC = YES;
				CLANG_ENABLE_OBJC_WEAK = YES;
				CLANG_WARN_BLOCK_CAPTURE_AUTORELEASING = YES;
				CLANG_WARN_BOOL_CONVERSION = YES;
				CLANG_WARN_COMMA = YES;
				CLANG_WARN_CONSTANT_CONVERSION = YES;
				CLANG_WARN_DEPRECATED_OBJC_IMPLEMENTATIONS = YES;
				CLANG_WARN_DIRECT_OBJC_ISA_USAGE = YES_ERROR;
				CLANG_WARN_DOCUMENTATION_COMMENTS = YES;
				CLANG_WARN_EMPTY_BODY = YES;
				CLANG_WARN_ENUM_CONVERSION = YES;
				CLANG_WARN_INFINITE_RECURSION = YES;
				CLANG_WARN_INT_CONVERSION = YES;
				CLANG_WARN_NON_LITERAL_NULL_CONVERSION = YES;
				CLANG_WARN_OBJC_IMPLICIT_RETAIN_SELF = YES;
				CLANG_WARN_OBJC_LITERAL_CONVERSION = YES;
				CLANG_WARN_OBJC_ROOT_CLASS = YES_ERROR;
				CLANG_WARN_RANGE_LOOP_ANALYSIS = YES;
				CLANG_WARN_STRICT_PROTOTYPES = YES;
				CLANG_WARN_SUSPICIOUS_MOVE = YES;
				CLANG_WARN_UNGUARDED_AVAILABILITY = YES_AGGRESSIVE;
				CLANG_WARN_UNREACHABLE_CODE = YES;
				CLANG_WARN__DUPLICATE_METHOD_MATCH = YES;
				COPY_PHASE_STRIP = NO;
				DEBUG_INFORMATION_FORMAT = "dwarf-with-dsym";
				ENABLE_NS_ASSERTIONS = NO;
				ENABLE_STRICT_OBJC_MSGSEND = YES;
				GCC_C_LANGUAGE_STANDARD = gnu11;
				GCC_NO_COMMON_BLOCKS = YES;
				GCC_WARN_64_TO_32_BIT_CONVERSION = YES;
				GCC_WARN_ABOUT_RETURN_TYPE = YES_ERROR;
				GCC_WARN_UNDECLARED_SELECTOR = YES;
				GCC_WARN_UNINITIALIZED_AUTOS = YES_AGGRESSIVE;
				GCC_WARN_UNUSED_FUNCTION = YES;
				GCC_WARN_UNUSED_VARIABLE = YES;
				IPHONEOS_DEPLOYMENT_TARGET = 13.2;
				MTL_ENABLE_DEBUG_INFO = NO;
				MTL_FAST_MATH = YES;
				SDKROOT = iphoneos;
				SWIFT_COMPILATION_MODE = wholemodule;
				SWIFT_OPTIMIZATION_LEVEL = "-O";
				VALIDATE_PRODUCT = YES;
			};
			name = Release;
		};
		C01B70B7238DD90700109D2D /* Debug */ = {
			isa = XCBuildConfiguration;
			baseConfigurationReference = CEC868538742A9408D942100 /* Pods-Tumble.debug.xcconfig */;
			buildSettings = {
				ASSETCATALOG_COMPILER_APPICON_NAME = AppIcon;
				CODE_SIGN_STYLE = Automatic;
				DEVELOPMENT_TEAM = 8ANT6T3S86;
				INFOPLIST_FILE = Tumble/Info.plist;
				LD_RUNPATH_SEARCH_PATHS = (
					"$(inherited)",
					"@executable_path/Frameworks",
				);
				PRODUCT_BUNDLE_IDENTIFIER = com.dinaolmelak.Tumble;
				PRODUCT_NAME = "$(TARGET_NAME)";
				SWIFT_VERSION = 5.0;
				TARGETED_DEVICE_FAMILY = "1,2";
			};
			name = Debug;
		};
		C01B70B8238DD90700109D2D /* Release */ = {
			isa = XCBuildConfiguration;
			baseConfigurationReference = E8D82BC33E8DCEFEEAEEE462 /* Pods-Tumble.release.xcconfig */;
			buildSettings = {
				ASSETCATALOG_COMPILER_APPICON_NAME = AppIcon;
				CODE_SIGN_STYLE = Automatic;
				DEVELOPMENT_TEAM = 8ANT6T3S86;
				INFOPLIST_FILE = Tumble/Info.plist;
				LD_RUNPATH_SEARCH_PATHS = (
					"$(inherited)",
					"@executable_path/Frameworks",
				);
				PRODUCT_BUNDLE_IDENTIFIER = com.dinaolmelak.Tumble;
				PRODUCT_NAME = "$(TARGET_NAME)";
				SWIFT_VERSION = 5.0;
				TARGETED_DEVICE_FAMILY = "1,2";
			};
			name = Release;
		};
/* End XCBuildConfiguration section */

/* Begin XCConfigurationList section */
		C01B709D238DD90300109D2D /* Build configuration list for PBXProject "Tumble" */ = {
			isa = XCConfigurationList;
			buildConfigurations = (
				C01B70B4238DD90700109D2D /* Debug */,
				C01B70B5238DD90700109D2D /* Release */,
			);
			defaultConfigurationIsVisible = 0;
			defaultConfigurationName = Release;
		};
		C01B70B6238DD90700109D2D /* Build configuration list for PBXNativeTarget "Tumble" */ = {
			isa = XCConfigurationList;
			buildConfigurations = (
				C01B70B7238DD90700109D2D /* Debug */,
				C01B70B8238DD90700109D2D /* Release */,
			);
			defaultConfigurationIsVisible = 0;
			defaultConfigurationName = Release;
		};
/* End XCConfigurationList section */
	};
	rootObject = C01B709A238DD90300109D2D /* Project object */;
}
